
Microsoft Visual Studio Solution File, Format Version 12.00
# Visual Studio Version 17
VisualStudioVersion = 17.4.33213.308
MinimumVisualStudioVersion = 10.0.40219.1
Project("{FAE04EC0-301F-11D3-BF4B-00C04F79EFBC}") = "ChallengeApp", "ChallengeApp\ChallengeApp.csproj", "{13AE6DEA-32CB-439E-AC5C-CEF1A240D712}"
EndProject
Global
	GlobalSection(SolutionConfigurationPlatforms) = preSolution
		Debug|Any CPU = Debug|Any CPU
		Release|Any CPU = Release|Any CPU
	EndGlobalSection
	GlobalSection(ProjectConfigurationPlatforms) = postSolution
		{13AE6DEA-32CB-439E-AC5C-CEF1A240D712}.Debug|Any CPU.ActiveCfg = Debug|Any CPU
		{13AE6DEA-32CB-439E-AC5C-CEF1A240D712}.Debug|Any CPU.Build.0 = Debug|Any CPU
		{13AE6DEA-32CB-439E-AC5C-CEF1A240D712}.Release|Any CPU.ActiveCfg = Release|Any CPU
		{13AE6DEA-32CB-439E-AC5C-CEF1A240D712}.Release|Any CPU.Build.0 = Release|Any CPU
	EndGlobalSection
	GlobalSection(SolutionProperties) = preSolution
		HideSolutionNode = FALSE
	EndGlobalSection
	GlobalSection(ExtensibilityGlobals) = postSolution
		SolutionGuid = {65495491-6519-4D7D-9622-B301B6F9FE24}
	EndGlobalSection
EndGlobal
